Microsoft Visual Studio Solution File, Format Version 12.00
# Visual Studio Version 17
VisualStudioVersion = 17.5.2.0
MinimumVisualStudioVersion = 10.0.40219.1
Project("{FAE04EC0-301F-11D3-BF4B-00C04F79EFBC}") = "AspNetCoreSample", "AspNetCoreSample.csproj", "{048684B4-4B0D-0DB5-CDB6-4BDF55D4ED3D}"
EndProject
Global
	GlobalSection(SolutionConfigurationPlatforms) = preSolution
		Debug|Any CPU = Debug|Any CPU
		Release|Any CPU = Release|Any CPU
	EndGlobalSection
	GlobalSection(ProjectConfigurationPlatforms) = postSolution
		{048684B4-4B0D-0DB5-CDB6-4BDF55D4ED3D}.Debug|Any CPU.ActiveCfg = Debug|Any CPU
		{048684B4-4B0D-0DB5-CDB6-4BDF55D4ED3D}.Debug|Any CPU.Build.0 = Debug|Any CPU
		{048684B4-4B0D-0DB5-CDB6-4BDF55D4ED3D}.Release|Any CPU.ActiveCfg = Release|Any CPU
		{048684B4-4B0D-0DB5-CDB6-4BDF55D4ED3D}.Release|Any CPU.Build.0 = Release|Any CPU
	EndGlobalSection
	GlobalSection(SolutionProperties) = preSolution
		HideSolutionNode = FALSE
	EndGlobalSection
	GlobalSection(ExtensibilityGlobals) = postSolution
		SolutionGuid = {796C56AD-CFB0-4234-9AF1-66D5789629FF}
	EndGlobalSection
EndGlobal
